
Microsoft Visual Studio Solution File, Format Version 12.00
# Visual Studio 15
VisualStudioVersion = 15.0.28010.2046
MinimumVisualStudioVersion = 10.0.40219.1
Project("{FAE04EC0-301F-11D3-BF4B-00C04F79EFBC}") = "GraniteHouse", "GraniteHouse\GraniteHouse.csproj", "{49958430-7323-4531-8DE1-7C88B51E942D}"
EndProject
Global
	GlobalSection(SolutionConfigurationPlatforms) = preSolution
		Debug|Any CPU = Debug|Any CPU
		Release|Any CPU = Release|Any CPU
	EndGlobalSection
	GlobalSection(ProjectConfigurationPlatforms) = postSolution
		{49958430-7323-4531-8DE1-7C88B51E942D}.Debug|Any CPU.ActiveCfg = Debug|Any CPU
		{49958430-7323-4531-8DE1-7C88B51E942D}.Debug|Any CPU.Build.0 = Debug|Any CPU
		{49958430-7323-4531-8DE1-7C88B51E942D}.Release|Any CPU.ActiveCfg = Release|Any CPU
		{49958430-7323-4531-8DE1-7C88B51E942D}.Release|Any CPU.Build.0 = Release|Any CPU
	EndGlobalSection
	GlobalSection(SolutionProperties) = preSolution
		HideSolutionNode = FALSE
	EndGlobalSection
	GlobalSection(ExtensibilityGlobals) = postSolution
		SolutionGuid = {687C1A39-9EAC-4CCA-8A1D-4C78A42E6881}
	EndGlobalSection
EndGlobal
